{
  "name": "templang",
  "version": "1.0.0",
  "lockfileVersion": 3,
  "requires": true,
  "packages": {
    "": {
      "name": "templang",
      "version": "1.0.0",
      "license": "ISC",
      "dependencies": {
        "ui-lib": "file:../ui-lib"
      }
    },
    "../ui-lib": {
      "version": "1.0.0",
      "license": "ISC",
      "dependencies": {
        "snabbdom": "^3.6.2"
      }
    },
    "node_modules/ui-lib": {
      "resolved": "../ui-lib",
      "link": true
    }
  }
}
